github.com/dhowden/tag v0.0.0-20190519100835-db0c67e351b1 h1:HR8W6GvuS20j4kNxa/XQeyVA0vHLKVMCAVJj0RGWauY=
github.com/dhowden/tag v0.0.0-20190519100835-db0c67e351b1/go.mod h1:SniNVYuaD1jmdEEvi+7ywb1QFR7agjeTdGKyFb0p7Rw=
github.com/fsnotify/fsnotify v1.4.7 h1:IXs+QLmnXW2CcXuY+8Mzv/fWEsPGWxqefPtCP5CnV9I=
github.com/fsnotify/fsnotify v1.4.7/go.mod h1:jwhsz4b93w/PPRr/qN1Yymfu8t87LnFCMoQvtojpjFo=
github.com/gorilla/mux v1.7.2 h1:zoNxOV7WjqXptQOVngLmcSQgXmgk4NMz1HibBchjl/I=
github.com/gorilla/mux v1.7.2/go.mod h1:1lud6UwP+6orDFRuTfBEV8e9/aOM/c4fVVCaMa2zaAs=
github.com/kr/pretty v0.2.1 h1:Fmg33tUaq4/8ym9TJN1x7sLJnHVwhP33CNkpYV/7rwI=
github.com/kr/pretty v0.2.1/go.mod h1:ipq/a2n7PKx3OHsz4KJII5eveXtPO4qwEXGdVfWzfnI=
github.com/kr/pty v1.1.1/go.mod h1:pFQYn66WHrOpPYNljwOMqo10TkYh1fy3cYio2l3bCsQ=
github.com/kr/text v0.1.0 h1:45sCR5RtlFHMR4UwH9sdQ5TC8v0qDQCHnXt+kaKSTVE=
github.com/kr/text v0.1.0/go.mod h1:4Jbv+DJW3UT/LiOwJeYQe1efqtUx/iVham/4vfdArNI=
github.com/wybiral/feeds v1.1.1 h1:KWE/JxA2XfP0My+C0wymqXrWK5oIyjRVbH5kpclsea0=
github.com/wybiral/feeds v1.1.1/go.mod h1:MRSqtY+Oy5HMM51cF212xqU39MYbsYq/AH+PY8IfeM0=
github.com/wybiral/torgo v0.0.0-20190413024533-a19a6c8a5048 h1:HQmSLHtGgSARs7VYzAID703qM/5m1il3X7f9AHfg/9c=
github.com/wybiral/torgo v0.0.0-20190413024533-a19a6c8a5048/go.mod h1:LAhGyZRjuXZ/+uO4tqc5QV26hkdIo+yGHPfX1aubR0M=
github.com/wybiral/tube v1.1.0 h1:D1vBdcHIxl4Qf85O6S2hN1K7y+1DwI/ixJdu4bq7R+o=
github.com/wybiral/tube v1.1.0/go.mod h1:MFj2/aa58L3sAFJIPFgz3DjfgKTPc8hCM3m9/4Ddn38=
golang.org/x/crypto v0.0.0-20190308221718-c2843e01d9a2/go.mod h1:djNgcEr1/C05ACkg1iLfiJU5Ep61QUkGW8qpdssI0+w=
golang.org/x/crypto v0.0.0-20200622213623-75b288015ac9/go.mod h1:LzIPMQfyMNhhGPhUkYOs5KpL4U8rLKemX1yGLhDgUto=
golang.org/x/crypto v0.0.0-20201117144127-c1f2f97bffc9 h1:phUcVbl53swtrUN8kQEXFhUxPlIlWyBfKmidCu7P95o=
golang.org/x/crypto v0.0.0-20201117144127-c1f2f97bffc9/go.mod h1:jdWPYTVW3xRLrWPugEBEK3UY2ZEsg3UU495nc5E+M+I=
golang.org/x/net v0.0.0-20190404232315-eb5bcb51f2a3/go.mod h1:t9HGtf8HONx5eT2rtn7q6eTqICYqUVnKs3thJo3Qplg=
golang.org/x/net v0.0.0-20201110031124-69a78807bb2b h1:uwuIcX0g4Yl1NC5XAz37xsr2lTtcqevgzYNVt49waME=
golang.org/x/net v0.0.0-20201110031124-69a78807bb2b/go.mod h1:sp8m0HH+o8qH0wwXwYZr8TS3Oi6o0r6Gce1SSxlDquU=
golang.org/x/sys v0.0.0-20190215142949-d0b11bdaac8a/go.mod h1:STP8DvDyc/dI5b8T5hshtkjS+E42TnysNCUPdjciGhY=
golang.org/x/sys v0.0.0-20190412213103-97732733099d/go.mod h1:h1NjWce9XRLGQEsW7wpKNCjG9DtNlClVuFLEZdDNbEs=
golang.org/x/sys v0.0.0-20191026070338-33540a1f6037/go.mod h1:h1NjWce9XRLGQEsW7wpKNCjG9DtNlClVuFLEZdDNbEs=
golang.org/x/sys v0.0.0-20200930185726-fdedc70b468f/go.mod h1:h1NjWce9XRLGQEsW7wpKNCjG9DtNlClVuFLEZdDNbEs=
golang.org/x/sys v0.0.0-20201116194326-cc9327a14d48 h1:AYCWBZhgIw6XobZ5CibNJr0Rc4ZofGGKvWa1vcx2IGk=
golang.org/x/sys v0.0.0-20201116194326-cc9327a14d48/go.mod h1:h1NjWce9XRLGQEsW7wpKNCjG9DtNlClVuFLEZdDNbEs=
golang.org/x/term v0.0.0-20201117132131-f5c789dd3221/go.mod h1:Nr5EML6q2oocZ2LXRh80K7BxOlk5/8JxuGnuhpl+muw=
golang.org/x/text v0.3.0/go.mod h1:NqM8EUOU14njkJ3fqMW+pc6Ldnwhi/IjpwHt7yyuwOQ=
golang.org/x/text v0.3.3/go.mod h1:5Zoc/QRtKVWzQhOtBMvqHzDpF6irO9z98xDceosuGiQ=
golang.org/x/tools v0.0.0-20180917221912-90fa682c2a6e/go.mod h1:n7NCudcB/nEzxVGmLbDWY5pfWTLqBcC2KZ6jyYvM4mQ=
