# This file is autogenerated, do not edit; changes may be undone by the next 'dep ensure'.


[[projects]]
  branch = "master"
  name = "github.com/dhowden/tag"
  packages = ["."]
  revision = "db0c67e351b1bfbdfc4f99c911e8afd0ca67de98"

[[projects]]
  name = "github.com/gorilla/mux"
  packages = ["."]
  revision = "ed099d42384823742bba0bf9a72b53b55c9e2e38"
  version = "v1.7.2"

[solve-meta]
  analyzer-name = "dep"
  analyzer-version = 1
  inputs-digest = "46ffc0b430cdc7896ae1d51e97b0698ca0cf1df4a0de7ce14e644fa45848491f"
  solver-name = "gps-cdcl"
  solver-version = 1
